
Microsoft Visual Studio Solution File, Format Version 12.00
# Visual Studio 2015
Project("{FAE04EC0-301F-11D3-BF4B-00C04F79EFBC}") = "TowerDefenseTutorial.CSharp", "TowerDefenseTutorial.CSharp.csproj", "{F93A859E-4B22-6794-4CD1-03BE5B293EBB}"
EndProject
Global
	GlobalSection(SolutionConfigurationPlatforms) = preSolution
		Debug|Any CPU = Debug|Any CPU
		Release|Any CPU = Release|Any CPU
	EndGlobalSection
	GlobalSection(ProjectConfigurationPlatforms) = postSolution
		{F93A859E-4B22-6794-4CD1-03BE5B293EBB}.Debug|Any CPU.ActiveCfg = Debug|Any CPU
		{F93A859E-4B22-6794-4CD1-03BE5B293EBB}.Debug|Any CPU.Build.0 = Debug|Any CPU
		{F93A859E-4B22-6794-4CD1-03BE5B293EBB}.Release|Any CPU.ActiveCfg = Release|Any CPU
		{F93A859E-4B22-6794-4CD1-03BE5B293EBB}.Release|Any CPU.Build.0 = Release|Any CPU
	EndGlobalSection
	GlobalSection(SolutionProperties) = preSolution
		HideSolutionNode = FALSE
	EndGlobalSection
EndGlobal
